{
  "name": "TAMS",
  "lockfileVersion": 3,
  "requires": true,
  "packages": {
    "": {
      "dependencies": {
        "particles-bg": "^2.5.5",
        "react-snowfall": "^2.4.0",
        "three": "^0.182.0",
        "vanta": "^0.5.24"
      }
    },
    "node_modules/particles-bg": {
      "version": "2.5.5",
      "resolved": "https://registry.npmjs.org/particles-bg/-/particles-bg-2.5.5.tgz",
      "integrity": "sha512-NzjgmayGwyvH/hGq437++nNc9qUCrsV1riX+m0+kuvbJSXStyUJ3hJocejNKtvOVuml0RfUp64pRt3UmmmAgsQ==",
      "license": "MIT",
      "dependencies": {
        "proton-engine": "^4.1.3",
        "raf-manager": "^0.3.0"
      },
      "engines": {
        "node": ">=8",
        "npm": ">=5"
      }
    },
    "node_modules/proton-engine": {
      "version": "4.2.1",
      "resolved": "https://registry.npmjs.org/proton-engine/-/proton-engine-4.2.1.tgz",
      "integrity": "sha512-c72hgcnwMyyvUoy7Jq/HX3HQZnAo5MUNvFbyZHiWZrwcERX9+lYzM9YyT0iueXVAJpt+r8nrPan9F3HTXj7IsA==",
      "license": "MIT"
    },
    "node_modules/raf-manager": {
      "version": "0.3.3",
      "resolved": "https://registry.npmjs.org/raf-manager/-/raf-manager-0.3.3.tgz",
      "integrity": "sha512-yucX9uvgW8hWvL5uvNKncPAUerV9bcX9IxW6pFyP4wjSH8BP3JZPrK+gEpiHqJ/GJ+R8PBw77hLHlX5faGpqVA==",
      "license": "MIT"
    },
    "node_modules/react": {
      "version": "19.2.4",
      "resolved": "https://registry.npmjs.org/react/-/react-19.2.4.tgz",
      "integrity": "sha512-9nfp2hYpCwOjAN+8TZFGhtWEwgvWHXqESH8qT89AT/lWklpLON22Lc8pEtnpsZz7VmawabSU0gCjnj8aC0euHQ==",
      "license": "MIT",
      "peer": true,
      "engines": {
        "node": ">=0.10.0"
      }
    },
    "node_modules/react-dom": {
      "version": "19.2.4",
      "resolved": "https://registry.npmjs.org/react-dom/-/react-dom-19.2.4.tgz",
      "integrity": "sha512-AXJdLo8kgMbimY95O2aKQqsz2iWi9jMgKJhRBAxECE4IFxfcazB2LmzloIoibJI3C12IlY20+KFaLv+71bUJeQ==",
      "license": "MIT",
      "peer": true,
      "dependencies": {
        "scheduler": "^0.27.0"
      },
      "peerDependencies": {
        "react": "^19.2.4"
      }
    },
    "node_modules/react-fast-compare": {
      "version": "3.2.2",
      "resolved": "https://registry.npmjs.org/react-fast-compare/-/react-fast-compare-3.2.2.tgz",
      "integrity": "sha512-nsO+KSNgo1SbJqJEYRE9ERzo7YtYbou/OqjSQKxV7jcKox7+usiUVZOAC+XnDOABXggQTno0Y1CpVnuWEc1boQ==",
      "license": "MIT"
    },
    "node_modules/react-snowfall": {
      "version": "2.4.0",
      "resolved": "https://registry.npmjs.org/react-snowfall/-/react-snowfall-2.4.0.tgz",
      "integrity": "sha512-KAPMiGnxt11PEgC2pTVrTQsvk5jt1kLUtG+ZamiKLphTZ7GiYT1Aa5kX6jp4jKWq1kqJHchnGT9CDm4g86A5Gg==",
      "license": "MIT",
      "dependencies": {
        "react-fast-compare": "^3.2.2"
      },
      "peerDependencies": {
        "react": "^16.8 || 17.x || 18.x || 19.x",
        "react-dom": "^16.8 || 17.x || 18.x || 19.x"
      }
    },
    "node_modules/scheduler": {
      "version": "0.27.0",
      "resolved": "https://registry.npmjs.org/scheduler/-/scheduler-0.27.0.tgz",
      "integrity": "sha512-eNv+WrVbKu1f3vbYJT/xtiF5syA5HPIMtf9IgY/nKg0sWqzAUEvqY/xm7OcZc/qafLx/iO9FgOmeSAp4v5ti/Q==",
      "license": "MIT",
      "peer": true
    },
    "node_modules/three": {
      "version": "0.182.0",
      "resolved": "https://registry.npmjs.org/three/-/three-0.182.0.tgz",
      "integrity": "sha512-GbHabT+Irv+ihI1/f5kIIsZ+Ef9Sl5A1Y7imvS5RQjWgtTPfPnZ43JmlYI7NtCRDK9zir20lQpfg8/9Yd02OvQ==",
      "license": "MIT"
    },
    "node_modules/vanta": {
      "version": "0.5.24",
      "resolved": "https://registry.npmjs.org/vanta/-/vanta-0.5.24.tgz",
      "integrity": "sha512-fvieEbHy1ZS23zrcX+topzqAgA4Uct1enngOEWLFBgs9TtOf6RDFOYatH7KSVdrABzQDMCQ5myQy+nTSZZwLzg==",
      "license": "MIT"
    }
  }
}
